
Microsoft Visual Studio Solution File, Format Version 12.00
# Visual Studio Version 17
VisualStudioVersion = 17.0.32112.339
MinimumVisualStudioVersion = 10.0.40219.1
Project("{9A19103F-16F7-4668-BE54-9A1E7A4F7556}") = "PhoneBook", "PhoneBook\PhoneBook.csproj", "{597440A7-B161-420A-B718-5E1DB27B8D4F}"
EndProject
Project("{9A19103F-16F7-4668-BE54-9A1E7A4F7556}") = "PhoneBook.DAL", "PhoneBookLib\PhoneBook.DAL.csproj", "{E4581DC5-2D7F-4004-9BAD-B79C91782D14}"
EndProject
Project("{2150E333-8FDC-42A3-9474-1A3956D46DE8}") = "UI", "UI", "{025322DA-B052-47A1-A45E-3A88DF3334B7}"
EndProject
Project("{2150E333-8FDC-42A3-9474-1A3956D46DE8}") = "Data", "Data", "{9D612A8B-AB44-4038-B744-ADCA9847E139}"
EndProject
Project("{2150E333-8FDC-42A3-9474-1A3956D46DE8}") = "Services", "Services", "{9A04E0AA-5B92-4759-AE86-59CA59E54723}"
EndProject
Project("{FAE04EC0-301F-11D3-BF4B-00C04F79EFBC}") = "PhoneBook.Interfaces", "PhoneBook.Interfaces\PhoneBook.Interfaces.csproj", "{580CC0E5-F0EF-430F-B62E-D3AC2E00A8EE}"
EndProject
Project("{2150E333-8FDC-42A3-9474-1A3956D46DE8}") = "Common", "Common", "{016C6FAA-BF5F-4268-9287-CDB2FA41203E}"
EndProject
Project("{FAE04EC0-301F-11D3-BF4B-00C04F79EFBC}") = "PhoneBook.Common", "PhoneBook.Common\PhoneBook.Common.csproj", "{C0D987C7-3EE8-45D1-8059-E88786B562A0}"
EndProject
Global
	GlobalSection(SolutionConfigurationPlatforms) = preSolution
		Debug|Any CPU = Debug|Any CPU
		Release|Any CPU = Release|Any CPU
	EndGlobalSection
	GlobalSection(ProjectConfigurationPlatforms) = postSolution
		{597440A7-B161-420A-B718-5E1DB27B8D4F}.Debug|Any CPU.ActiveCfg = Debug|Any CPU
		{597440A7-B161-420A-B718-5E1DB27B8D4F}.Debug|Any CPU.Build.0 = Debug|Any CPU
		{597440A7-B161-420A-B718-5E1DB27B8D4F}.Release|Any CPU.ActiveCfg = Release|Any CPU
		{597440A7-B161-420A-B718-5E1DB27B8D4F}.Release|Any CPU.Build.0 = Release|Any CPU
		{E4581DC5-2D7F-4004-9BAD-B79C91782D14}.Debug|Any CPU.ActiveCfg = Debug|Any CPU
		{E4581DC5-2D7F-4004-9BAD-B79C91782D14}.Debug|Any CPU.Build.0 = Debug|Any CPU
		{E4581DC5-2D7F-4004-9BAD-B79C91782D14}.Release|Any CPU.ActiveCfg = Release|Any CPU
		{E4581DC5-2D7F-4004-9BAD-B79C91782D14}.Release|Any CPU.Build.0 = Release|Any CPU
		{580CC0E5-F0EF-430F-B62E-D3AC2E00A8EE}.Debug|Any CPU.ActiveCfg = Debug|Any CPU
		{580CC0E5-F0EF-430F-B62E-D3AC2E00A8EE}.Debug|Any CPU.Build.0 = Debug|Any CPU
		{580CC0E5-F0EF-430F-B62E-D3AC2E00A8EE}.Release|Any CPU.ActiveCfg = Release|Any CPU
		{580CC0E5-F0EF-430F-B62E-D3AC2E00A8EE}.Release|Any CPU.Build.0 = Release|Any CPU
		{C0D987C7-3EE8-45D1-8059-E88786B562A0}.Debug|Any CPU.ActiveCfg = Debug|Any CPU
		{C0D987C7-3EE8-45D1-8059-E88786B562A0}.Debug|Any CPU.Build.0 = Debug|Any CPU
		{C0D987C7-3EE8-45D1-8059-E88786B562A0}.Release|Any CPU.ActiveCfg = Release|Any CPU
		{C0D987C7-3EE8-45D1-8059-E88786B562A0}.Release|Any CPU.Build.0 = Release|Any CPU
	EndGlobalSection
	GlobalSection(SolutionProperties) = preSolution
		HideSolutionNode = FALSE
	EndGlobalSection
	GlobalSection(NestedProjects) = preSolution
		{597440A7-B161-420A-B718-5E1DB27B8D4F} = {025322DA-B052-47A1-A45E-3A88DF3334B7}
		{E4581DC5-2D7F-4004-9BAD-B79C91782D14} = {9D612A8B-AB44-4038-B744-ADCA9847E139}
		{580CC0E5-F0EF-430F-B62E-D3AC2E00A8EE} = {9A04E0AA-5B92-4759-AE86-59CA59E54723}
		{C0D987C7-3EE8-45D1-8059-E88786B562A0} = {016C6FAA-BF5F-4268-9287-CDB2FA41203E}
	EndGlobalSection
	GlobalSection(ExtensibilityGlobals) = postSolution
		SolutionGuid = {7E3A3745-CEFE-4B07-81B8-9311FE87BDDB}
	EndGlobalSection
EndGlobal
